
Microsoft Visual Studio Solution File, Format Version 12.00
# Visual Studio Version 17
VisualStudioVersion = 17.9.34728.123
MinimumVisualStudioVersion = 10.0.40219.1
Project("{8BC9CEB8-8B4A-11D0-8D11-00A0C91BC942}") = "WinAPI", "WinAPI\WinAPI.vcxproj", "{B6CD7297-7DBB-414E-9394-23D952FDEEC2}"
EndProject
Project("{8BC9CEB8-8B4A-11D0-8D11-00A0C91BC942}") = "ComboBox", "ComboBox\ComboBox.vcxproj", "{FB5C297A-2EC5-4FD6-A4A1-452F693BD970}"
EndProject
Project("{8BC9CEB8-8B4A-11D0-8D11-00A0C91BC942}") = "ListBox", "ListBox\ListBox.vcxproj", "{00FFD332-4921-4A78-968C-53B18502DC1D}"
EndProject
Global
	GlobalSection(SolutionConfigurationPlatforms) = preSolution
		Debug|x64 = Debug|x64
		Debug|x86 = Debug|x86
		Release|x64 = Release|x64
		Release|x86 = Release|x86
	EndGlobalSection
	GlobalSection(ProjectConfigurationPlatforms) = postSolution
		{B6CD7297-7DBB-414E-9394-23D952FDEEC2}.Debug|x64.ActiveCfg = Debug|x64
		{B6CD7297-7DBB-414E-9394-23D952FDEEC2}.Debug|x64.Build.0 = Debug|x64
		{B6CD7297-7DBB-414E-9394-23D952FDEEC2}.Debug|x86.ActiveCfg = Debug|Win32
		{B6CD7297-7DBB-414E-9394-23D952FDEEC2}.Debug|x86.Build.0 = Debug|Win32
		{B6CD7297-7DBB-414E-9394-23D952FDEEC2}.Release|x64.ActiveCfg = Release|x64
		{B6CD7297-7DBB-414E-9394-23D952FDEEC2}.Release|x64.Build.0 = Release|x64
		{B6CD7297-7DBB-414E-9394-23D952FDEEC2}.Release|x86.ActiveCfg = Release|Win32
		{B6CD7297-7DBB-414E-9394-23D952FDEEC2}.Release|x86.Build.0 = Release|Win32
		{FB5C297A-2EC5-4FD6-A4A1-452F693BD970}.Debug|x64.ActiveCfg = Debug|x64
		{FB5C297A-2EC5-4FD6-A4A1-452F693BD970}.Debug|x64.Build.0 = Debug|x64
		{FB5C297A-2EC5-4FD6-A4A1-452F693BD970}.Debug|x86.ActiveCfg = Debug|Win32
		{FB5C297A-2EC5-4FD6-A4A1-452F693BD970}.Debug|x86.Build.0 = Debug|Win32
		{FB5C297A-2EC5-4FD6-A4A1-452F693BD970}.Release|x64.ActiveCfg = Release|x64
		{FB5C297A-2EC5-4FD6-A4A1-452F693BD970}.Release|x64.Build.0 = Release|x64
		{FB5C297A-2EC5-4FD6-A4A1-452F693BD970}.Release|x86.ActiveCfg = Release|Win32
		{FB5C297A-2EC5-4FD6-A4A1-452F693BD970}.Release|x86.Build.0 = Release|Win32
		{00FFD332-4921-4A78-968C-53B18502DC1D}.Debug|x64.ActiveCfg = Debug|x64
		{00FFD332-4921-4A78-968C-53B18502DC1D}.Debug|x64.Build.0 = Debug|x64
		{00FFD332-4921-4A78-968C-53B18502DC1D}.Debug|x86.ActiveCfg = Debug|Win32
		{00FFD332-4921-4A78-968C-53B18502DC1D}.Debug|x86.Build.0 = Debug|Win32
		{00FFD332-4921-4A78-968C-53B18502DC1D}.Release|x64.ActiveCfg = Release|x64
		{00FFD332-4921-4A78-968C-53B18502DC1D}.Release|x64.Build.0 = Release|x64
		{00FFD332-4921-4A78-968C-53B18502DC1D}.Release|x86.ActiveCfg = Release|Win32
		{00FFD332-4921-4A78-968C-53B18502DC1D}.Release|x86.Build.0 = Release|Win32
	EndGlobalSection
	GlobalSection(SolutionProperties) = preSolution
		HideSolutionNode = FALSE
	EndGlobalSection
	GlobalSection(ExtensibilityGlobals) = postSolution
		SolutionGuid = {FD987A9E-FF79-466C-9E8B-E4F5706CCB58}
	EndGlobalSection
EndGlobal
